// !$*UTF8*$!
{
	archiveVersion = 1;
	classes = {
	};
	objectVersion = 46;
	objects = {

/* Begin PBXBuildFile section */
		881657251A81B3A2007C89DB /* AppDelegate.swift in Sources */ = {isa = PBXBuildFile; fileRef = 881657241A81B3A2007C89DB /* AppDelegate.swift */; };
		881657271A81B3A2007C89DB /* ViewController.swift in Sources */ = {isa = PBXBuildFile; fileRef = 881657261A81B3A2007C89DB /* ViewController.swift */; };
		8816572A1A81B3A2007C89DB /* Main.storyboard in Resources */ = {isa = PBXBuildFile; fileRef = 881657281A81B3A2007C89DB /* Main.storyboard */; };
		8816572C1A81B3A2007C89DB /* Images.xcassets in Resources */ = {isa = PBXBuildFile; fileRef = 8816572B1A81B3A2007C89DB /* Images.xcassets */; };
		8816572F1A81B3A2007C89DB /* LaunchScreen.xib in Resources */ = {isa = PBXBuildFile; fileRef = 8816572D1A81B3A2007C89DB /* LaunchScreen.xib */; };
		8816573B1A81B3A2007C89DB /* slotMachineTests.swift in Sources */ = {isa = PBXBuildFile; fileRef = 8816573A1A81B3A2007C89DB /* slotMachineTests.swift */; };
/* End PBXBuildFile section */

/* Begin PBXContainerItemProxy section */
		881657351A81B3A2007C89DB /* PBXContainerItemProxy */ = {
			isa = PBXContainerItemProxy;
			containerPortal = 881657171A81B3A2007C89DB /* Project object */;
			proxyType = 1;
			remoteGlobalIDString = 8816571E1A81B3A2007C89DB;
			remoteInfo = slotMachine;
		};
/* End PBXContainerItemProxy section */

/* Begin PBXFileReference section */
		8816571F1A81B3A2007C89DB /* slotMachine.app */ = {isa = PBXFileReference; explicitFileType = wrapper.application; includeInIndex = 0; path = slotMachine.app; sourceTree = BUILT_PRODUCTS_DIR; };
		881657231A81B3A2007C89DB /* Info.plist */ = {isa = PBXFileReference; lastKnownFileType = text.plist.xml; path = Info.plist; sourceTree = "<group>"; };
		881657241A81B3A2007C89DB /* AppDelegate.swift */ = {isa = PBXFileReference; lastKnownFileType = sourcecode.swift; path = AppDelegate.swift; sourceTree = "<group>"; };
		881657261A81B3A2007C89DB /* ViewController.swift */ = {isa = PBXFileReference; lastKnownFileType = sourcecode.swift; path = ViewController.swift; sourceTree = "<group>"; };
		881657291A81B3A2007C89DB /* Base */ = {isa = PBXFileReference; lastKnownFileType = file.storyboard; name = Base; path = Base.lproj/Main.storyboard; sourceTree = "<group>"; };
		8816572B1A81B3A2007C89DB /* Images.xcassets */ = {isa = PBXFileReference; lastKnownFileType = folder.assetcatalog; path = Images.xcassets; sourceTree = "<group>"; };
		8816572E1A81B3A2007C89DB /* Base */ = {isa = PBXFileReference; lastKnownFileType = file.xib; name = Base; path = Base.lproj/LaunchScreen.xib; sourceTree = "<group>"; };
		881657341A81B3A2007C89DB /* slotMachineTests.xctest */ = {isa = PBXFileReference; explicitFileType = wrapper.cfbundle; includeInIndex = 0; path = slotMachineTests.xctest; sourceTree = BUILT_PRODUCTS_DIR; };
		881657391A81B3A2007C89DB /* Info.plist */ = {isa = PBXFileReference; lastKnownFileType = text.plist.xml; path = Info.plist; sourceTree = "<group>"; };
		8816573A1A81B3A2007C89DB /* slotMachineTests.swift */ = {isa = PBXFileReference; lastKnownFileType = sourcecode.swift; path = slotMachineTests.swift; sourceTree = "<group>"; };
/* End PBXFileReference section */

/* Begin PBXFrameworksBuildPhase section */
		8816571C1A81B3A2007C89DB /* Frameworks */ = {
			isa = PBXFrameworksBuildPhase;
			buildActionMask = 2147483647;
			files = (
			);
			runOnlyForDeploymentPostprocessing = 0;
		};
		881657311A81B3A2007C89DB /* Frameworks */ = {
			isa = PBXFrameworksBuildPhase;
			buildActionMask = 2147483647;
			files = (
			);
			runOnlyForDeploymentPostprocessing = 0;
		};
/* End PBXFrameworksBuildPhase section */

/* Begin PBXGroup section */
		881657161A81B3A2007C89DB = {
			isa = PBXGroup;
			children = (
				881657211A81B3A2007C89DB /* slotMachine */,
				881657371A81B3A2007C89DB /* slotMachineTests */,
				881657201A81B3A2007C89DB /* Products */,
			);
			sourceTree = "<group>";
		};
		881657201A81B3A2007C89DB /* Products */ = {
			isa = PBXGroup;
			children = (
				8816571F1A81B3A2007C89DB /* slotMachine.app */,
				881657341A81B3A2007C89DB /* slotMachineTests.xctest */,
			);
			name = Products;
			sourceTree = "<group>";
		};
		881657211A81B3A2007C89DB /* slotMachine */ = {
			isa = PBXGroup;
			children = (
				881657241A81B3A2007C89DB /* AppDelegate.swift */,
				881657261A81B3A2007C89DB /* ViewController.swift */,
				881657281A81B3A2007C89DB /* Main.storyboard */,
				8816572B1A81B3A2007C89DB /* Images.xcassets */,
				8816572D1A81B3A2007C89DB /* LaunchScreen.xib */,
				881657221A81B3A2007C89DB /* Supporting Files */,
			);
			path = slotMachine;
			sourceTree = "<group>";
		};
		881657221A81B3A2007C89DB /* Supporting Files */ = {
			isa = PBXGroup;
			children = (
				881657231A81B3A2007C89DB /* Info.plist */,
			);
			name = "Supporting Files";
			sourceTree = "<group>";
		};
		881657371A81B3A2007C89DB /* slotMachineTests */ = {
			isa = PBXGroup;
			children = (
				8816573A1A81B3A2007C89DB /* slotMachineTests.swift */,
				881657381A81B3A2007C89DB /* Supporting Files */,
			);
			path = slotMachineTests;
			sourceTree = "<group>";
		};
		881657381A81B3A2007C89DB /* Supporting Files */ = {
			isa = PBXGroup;
			children = (
				881657391A81B3A2007C89DB /* Info.plist */,
			);
			name = "Supporting Files";
			sourceTree = "<group>";
		};
/* End PBXGroup section */

/* Begin PBXNativeTarget section */
		8816571E1A81B3A2007C89DB /* slotMachine */ = {
			isa = PBXNativeTarget;
			buildConfigurationList = 8816573E1A81B3A2007C89DB /* Build configuration list for PBXNativeTarget "slotMachine" */;
			buildPhases = (
				8816571B1A81B3A2007C89DB /* Sources */,
				8816571C1A81B3A2007C89DB /* Frameworks */,
				8816571D1A81B3A2007C89DB /* Resources */,
			);
			buildRules = (
			);
			dependencies = (
			);
			name = slotMachine;
			productName = slotMachine;
			productReference = 8816571F1A81B3A2007C89DB /* slotMachine.app */;
			productType = "com.apple.product-type.application";
		};
		881657331A81B3A2007C89DB /* slotMachineTests */ = {
			isa = PBXNativeTarget;
			buildConfigurationList = 881657411A81B3A2007C89DB /* Build configuration list for PBXNativeTarget "slotMachineTests" */;
			buildPhases = (
				881657301A81B3A2007C89DB /* Sources */,
				881657311A81B3A2007C89DB /* Frameworks */,
				881657321A81B3A2007C89DB /* Resources */,
			);
			buildRules = (
			);
			dependencies = (
				881657361A81B3A2007C89DB /* PBXTargetDependency */,
			);
			name = slotMachineTests;
			productName = slotMachineTests;
			productReference = 881657341A81B3A2007C89DB /* slotMachineTests.xctest */;
			productType = "com.apple.product-type.bundle.unit-test";
		};
/* End PBXNativeTarget section */

/* Begin PBXProject section */
		881657171A81B3A2007C89DB /* Project object */ = {
			isa = PBXProject;
			attributes = {
				LastUpgradeCheck = 0610;
				ORGANIZATIONNAME = "steven wong";
				TargetAttributes = {
					8816571E1A81B3A2007C89DB = {
						CreatedOnToolsVersion = 6.1.1;
					};
					881657331A81B3A2007C89DB = {
						CreatedOnToolsVersion = 6.1.1;
						TestTargetID = 8816571E1A81B3A2007C89DB;
					};
				};
			};
			buildConfigurationList = 8816571A1A81B3A2007C89DB /* Build configuration list for PBXProject "slotMachine" */;
			compatibilityVersion = "Xcode 3.2";
			developmentRegion = English;
			hasScannedForEncodings = 0;
			knownRegions = (
				en,
				Base,
			);
			mainGroup = 881657161A81B3A2007C89DB;
			productRefGroup = 881657201A81B3A2007C89DB /* Products */;
			projectDirPath = "";
			projectRoot = "";
			targets = (
				8816571E1A81B3A2007C89DB /* slotMachine */,
				881657331A81B3A2007C89DB /* slotMachineTests */,
			);
		};
/* End PBXProject section */

/* Begin PBXResourcesBuildPhase section */
		8816571D1A81B3A2007C89DB /* Resources */ = {
			isa = PBXResourcesBuildPhase;
			buildActionMask = 2147483647;
			files = (
				8816572A1A81B3A2007C89DB /* Main.storyboard in Resources */,
				8816572F1A81B3A2007C89DB /* LaunchScreen.xib in Resources */,
				8816572C1A81B3A2007C89DB /* Images.xcassets in Resources */,
			);
			runOnlyForDeploymentPostprocessing = 0;
		};
		881657321A81B3A2007C89DB /* Resources */ = {
			isa = PBXResourcesBuildPhase;
			buildActionMask = 2147483647;
			files = (
			);
			runOnlyForDeploymentPostprocessing = 0;
		};
/* End PBXResourcesBuildPhase section */

/* Begin PBXSourcesBuildPhase section */
		8816571B1A81B3A2007C89DB /* Sources */ = {
			isa = PBXSourcesBuildPhase;
			buildActionMask = 2147483647;
			files = (
				881657271A81B3A2007C89DB /* ViewController.swift in Sources */,
				881657251A81B3A2007C89DB /* AppDelegate.swift in Sources */,
			);
			runOnlyForDeploymentPostprocessing = 0;
		};
		881657301A81B3A2007C89DB /* Sources */ = {
			isa = PBXSourcesBuildPhase;
			buildActionMask = 2147483647;
			files = (
				8816573B1A81B3A2007C89DB /* slotMachineTests.swift in Sources */,
			);
			runOnlyForDeploymentPostprocessing = 0;
		};
/* End PBXSourcesBuildPhase section */

/* Begin PBXTargetDependency section */
		881657361A81B3A2007C89DB /* PBXTargetDependency */ = {
			isa = PBXTargetDependency;
			target = 8816571E1A81B3A2007C89DB /* slotMachine */;
			targetProxy = 881657351A81B3A2007C89DB /* PBXContainerItemProxy */;
		};
/* End PBXTargetDependency section */

/* Begin PBXVariantGroup section */
		881657281A81B3A2007C89DB /* Main.storyboard */ = {
			isa = PBXVariantGroup;
			children = (
				881657291A81B3A2007C89DB /* Base */,
			);
			name = Main.storyboard;
			sourceTree = "<group>";
		};
		8816572D1A81B3A2007C89DB /* LaunchScreen.xib */ = {
			isa = PBXVariantGroup;
			children = (
				8816572E1A81B3A2007C89DB /* Base */,
			);
			name = LaunchScreen.xib;
			sourceTree = "<group>";
		};
/* End PBXVariantGroup section */

/* Begin XCBuildConfiguration section */
		8816573C1A81B3A2007C89DB /* Debug */ = {
			isa = XCBuildConfiguration;
			buildSettings = {
				ALWAYS_SEARCH_USER_PATHS = NO;
				CLANG_CXX_LANGUAGE_STANDARD = "gnu++0x";
				CLANG_CXX_LIBRARY = "libc++";
				CLANG_ENABLE_MODULES = YES;
				CLANG_ENABLE_OBJC_ARC = YES;
				CLANG_WARN_BOOL_CONVERSION = YES;
				CLANG_WARN_CONSTANT_CONVERSION = YES;
				CLANG_WARN_DIRECT_OBJC_ISA_USAGE = YES_ERROR;
				CLANG_WARN_EMPTY_BODY = YES;
				CLANG_WARN_ENUM_CONVERSION = YES;
				CLANG_WARN_INT_CONVERSION = YES;
				CLANG_WARN_OBJC_ROOT_CLASS = YES_ERROR;
				CLANG_WARN_UNREACHABLE_CODE = YES;
				CLANG_WARN__DUPLICATE_METHOD_MATCH = YES;
				"CODE_SIGN_IDENTITY[sdk=iphoneos*]" = "iPhone Developer";
				COPY_PHASE_STRIP = NO;
				ENABLE_STRICT_OBJC_MSGSEND = YES;
				GCC_C_LANGUAGE_STANDARD = gnu99;
				GCC_DYNAMIC_NO_PIC = NO;
				GCC_OPTIMIZATION_LEVEL = 0;
				GCC_PREPROCESSOR_DEFINITIONS = (
					"DEBUG=1",
					"$(inherited)",
				);
				GCC_SYMBOLS_PRIVATE_EXTERN = NO;
				GCC_WARN_64_TO_32_BIT_CONVERSION = YES;
				GCC_WARN_ABOUT_RETURN_TYPE = YES_ERROR;
				GCC_WARN_UNDECLARED_SELECTOR = YES;
				GCC_WARN_UNINITIALIZED_AUTOS = YES_AGGRESSIVE;
				GCC_WARN_UNUSED_FUNCTION = YES;
				GCC_WARN_UNUSED_VARIABLE = YES;
				IPHONEOS_DEPLOYMENT_TARGET = 8.1;
				MTL_ENABLE_DEBUG_INFO = YES;
				ONLY_ACTIVE_ARCH = YES;
				SDKROOT = iphoneos;
				SWIFT_OPTIMIZATION_LEVEL = "-Onone";
				TARGETED_DEVICE_FAMILY = "1,2";
			};
			name = Debug;
		};
		8816573D1A81B3A2007C89DB /* Release */ = {
			isa = XCBuildConfiguration;
			buildSettings = {
				ALWAYS_SEARCH_USER_PATHS = NO;
				CLANG_CXX_LANGUAGE_STANDARD = "gnu++0x";
				CLANG_CXX_LIBRARY = "libc++";
				CLANG_ENABLE_MODULES = YES;
				CLANG_ENABLE_OBJC_ARC = YES;
				CLANG_WARN_BOOL_CONVERSION = YES;
				CLANG_WARN_CONSTANT_CONVERSION = YES;
				CLANG_WARN_DIRECT_OBJC_ISA_USAGE = YES_ERROR;
				CLANG_WARN_EMPTY_BODY = YES;
				CLANG_WARN_ENUM_CONVERSION = YES;
				CLANG_WARN_INT_CONVERSION = YES;
				CLANG_WARN_OBJC_ROOT_CLASS = YES_ERROR;
				CLANG_WARN_UNREACHABLE_CODE = YES;
				CLANG_WARN__DUPLICATE_METHOD_MATCH = YES;
				"CODE_SIGN_IDENTITY[sdk=iphoneos*]" = "iPhone Developer";
				COPY_PHASE_STRIP = YES;
				ENABLE_NS_ASSERTIONS = NO;
				ENABLE_STRICT_OBJC_MSGSEND = YES;
				GCC_C_LANGUAGE_STANDARD = gnu99;
				GCC_WARN_64_TO_32_BIT_CONVERSION = YES;
				GCC_WARN_ABOUT_RETURN_TYPE = YES_ERROR;
				GCC_WARN_UNDECLARED_SELECTOR = YES;
				GCC_WARN_UNINITIALIZED_AUTOS = YES_AGGRESSIVE;
				GCC_WARN_UNUSED_FUNCTION = YES;
				GCC_WARN_UNUSED_VARIABLE = YES;
				IPHONEOS_DEPLOYMENT_TARGET = 8.1;
				MTL_ENABLE_DEBUG_INFO = NO;
				SDKROOT = iphoneos;
				TARGETED_DEVICE_FAMILY = "1,2";
				VALIDATE_PRODUCT = YES;
			};
			name = Release;
		};
		8816573F1A81B3A2007C89DB /* Debug */ = {
			isa = XCBuildConfiguration;
			buildSettings = {
				ASSETCATALOG_COMPILER_APPICON_NAME = AppIcon;
				INFOPLIST_FILE = slotMachine/Info.plist;
				LD_RUNPATH_SEARCH_PATHS = "$(inherited) @executable_path/Frameworks";
				PRODUCT_NAME = "$(TARGET_NAME)";
			};
			name = Debug;
		};
		881657401A81B3A2007C89DB /* Release */ = {
			isa = XCBuildConfiguration;
			buildSettings = {
				ASSETCATALOG_COMPILER_APPICON_NAME = AppIcon;
				INFOPLIST_FILE = slotMachine/Info.plist;
				LD_RUNPATH_SEARCH_PATHS = "$(inherited) @executable_path/Frameworks";
				PRODUCT_NAME = "$(TARGET_NAME)";
			};
			name = Release;
		};
		881657421A81B3A2007C89DB /* Debug */ = {
			isa = XCBuildConfiguration;
			buildSettings = {
				BUNDLE_LOADER = "$(TEST_HOST)";
				FRAMEWORK_SEARCH_PATHS = (
					"$(SDKROOT)/Developer/Library/Frameworks",
					"$(inherited)",
				);
				GCC_PREPROCESSOR_DEFINITIONS = (
					"DEBUG=1",
					"$(inherited)",
				);
				INFOPLIST_FILE = slotMachineTests/Info.plist;
				LD_RUNPATH_SEARCH_PATHS = "$(inherited) @executable_path/Frameworks @loader_path/Frameworks";
				PRODUCT_NAME = "$(TARGET_NAME)";
				TEST_HOST = "$(BUILT_PRODUCTS_DIR)/slotMachine.app/slotMachine";
			};
			name = Debug;
		};
		881657431A81B3A2007C89DB /* Release */ = {
			isa = XCBuildConfiguration;
			buildSettings = {
				BUNDLE_LOADER = "$(TEST_HOST)";
				FRAMEWORK_SEARCH_PATHS = (
					"$(SDKROOT)/Developer/Library/Frameworks",
					"$(inherited)",
				);
				INFOPLIST_FILE = slotMachineTests/Info.plist;
				LD_RUNPATH_SEARCH_PATHS = "$(inherited) @executable_path/Frameworks @loader_path/Frameworks";
				PRODUCT_NAME = "$(TARGET_NAME)";
				TEST_HOST = "$(BUILT_PRODUCTS_DIR)/slotMachine.app/slotMachine";
			};
			name = Release;
		};
/* End XCBuildConfiguration section */

/* Begin XCConfigurationList section */
		8816571A1A81B3A2007C89DB /* Build configuration list for PBXProject "slotMachine" */ = {
			isa = XCConfigurationList;
			buildConfigurations = (
				8816573C1A81B3A2007C89DB /* Debug */,
				8816573D1A81B3A2007C89DB /* Release */,
			);
			defaultConfigurationIsVisible = 0;
			defaultConfigurationName = Release;
		};
		8816573E1A81B3A2007C89DB /* Build configuration list for PBXNativeTarget "slotMachine" */ = {
			isa = XCConfigurationList;
			buildConfigurations = (
				8816573F1A81B3A2007C89DB /* Debug */,
				881657401A81B3A2007C89DB /* Release */,
			);
			defaultConfigurationIsVisible = 0;
		};
		881657411A81B3A2007C89DB /* Build configuration list for PBXNativeTarget "slotMachineTests" */ = {
			isa = XCConfigurationList;
			buildConfigurations = (
				881657421A81B3A2007C89DB /* Debug */,
				881657431A81B3A2007C89DB /* Release */,
			);
			defaultConfigurationIsVisible = 0;
		};
/* End XCConfigurationList section */
	};
	rootObject = 881657171A81B3A2007C89DB /* Project object */;
}
